// !$*UTF8*$!
{
	archiveVersion = 1;
	classes = {
	};
	objectVersion = 50;
	objects = {

/* Begin PBXBuildFile section */
		26663A5026385F820000D4C6 /* Utils.swift in Sources */ = {isa = PBXBuildFile; fileRef = 26663A4F26385F820000D4C6 /* Utils.swift */; };
		26C41DFD2663F9ED000CB9B0 /* IO.swift in Sources */ = {isa = PBXBuildFile; fileRef = 26C41DFC2663F9ED000CB9B0 /* IO.swift */; };
		26DED2582636F1DC00FAE501 /* AppDelegate.swift in Sources */ = {isa = PBXBuildFile; fileRef = 26DED2572636F1DC00FAE501 /* AppDelegate.swift */; };
		26DED25C2636F1DC00FAE501 /* ViewController.swift in Sources */ = {isa = PBXBuildFile; fileRef = 26DED25B2636F1DC00FAE501 /* ViewController.swift */; };
		26DED25F2636F1DC00FAE501 /* Main.storyboard in Resources */ = {isa = PBXBuildFile; fileRef = 26DED25D2636F1DC00FAE501 /* Main.storyboard */; };
		26DED2612636F1DF00FAE501 /* Assets.xcassets in Resources */ = {isa = PBXBuildFile; fileRef = 26DED2602636F1DF00FAE501 /* Assets.xcassets */; };
		26DED2642636F1DF00FAE501 /* LaunchScreen.storyboard in Resources */ = {isa = PBXBuildFile; fileRef = 26DED2622636F1DF00FAE501 /* LaunchScreen.storyboard */; };
/* End PBXBuildFile section */

/* Begin PBXFileReference section */
		26663A4F26385F820000D4C6 /* Utils.swift */ = {isa = PBXFileReference; lastKnownFileType = sourcecode.swift; path = Utils.swift; sourceTree = "<group>"; };
		26C41DFC2663F9ED000CB9B0 /* IO.swift */ = {isa = PBXFileReference; lastKnownFileType = sourcecode.swift; path = IO.swift; sourceTree = "<group>"; };
		26DED2542636F1DC00FAE501 /* ScanCapture.app */ = {isa = PBXFileReference; explicitFileType = wrapper.application; includeInIndex = 0; path = ScanCapture.app; sourceTree = BUILT_PRODUCTS_DIR; };
		26DED2572636F1DC00FAE501 /* AppDelegate.swift */ = {isa = PBXFileReference; lastKnownFileType = sourcecode.swift; path = AppDelegate.swift; sourceTree = "<group>"; };
		26DED25B2636F1DC00FAE501 /* ViewController.swift */ = {isa = PBXFileReference; lastKnownFileType = sourcecode.swift; path = ViewController.swift; sourceTree = "<group>"; };
		26DED25E2636F1DC00FAE501 /* Base */ = {isa = PBXFileReference; lastKnownFileType = file.storyboard; name = Base; path = Base.lproj/Main.storyboard; sourceTree = "<group>"; };
		26DED2602636F1DF00FAE501 /* Assets.xcassets */ = {isa = PBXFileReference; lastKnownFileType = folder.assetcatalog; path = Assets.xcassets; sourceTree = "<group>"; };
		26DED2632636F1DF00FAE501 /* Base */ = {isa = PBXFileReference; lastKnownFileType = file.storyboard; name = Base; path = Base.lproj/LaunchScreen.storyboard; sourceTree = "<group>"; };
		26DED2652636F1DF00FAE501 /* Info.plist */ = {isa = PBXFileReference; lastKnownFileType = text.plist.xml; path = Info.plist; sourceTree = "<group>"; };
/* End PBXFileReference section */

/* Begin PBXFrameworksBuildPhase section */
		26DED2512636F1DC00FAE501 /* Frameworks */ = {
			isa = PBXFrameworksBuildPhase;
			buildActionMask = 2147483647;
			files = (
			);
			runOnlyForDeploymentPostprocessing = 0;
		};
/* End PBXFrameworksBuildPhase section */

/* Begin PBXGroup section */
		26DED24B2636F1DC00FAE501 = {
			isa = PBXGroup;
			children = (
				26DED2562636F1DC00FAE501 /* ScanCapture */,
				26DED2552636F1DC00FAE501 /* Products */,
			);
			sourceTree = "<group>";
		};
		26DED2552636F1DC00FAE501 /* Products */ = {
			isa = PBXGroup;
			children = (
				26DED2542636F1DC00FAE501 /* ScanCapture.app */,
			);
			name = Products;
			sourceTree = "<group>";
		};
		26DED2562636F1DC00FAE501 /* ScanCapture */ = {
			isa = PBXGroup;
			children = (
				26DED2572636F1DC00FAE501 /* AppDelegate.swift */,
				26DED25B2636F1DC00FAE501 /* ViewController.swift */,
				26663A4F26385F820000D4C6 /* Utils.swift */,
				26C41DFC2663F9ED000CB9B0 /* IO.swift */,
				26DED25D2636F1DC00FAE501 /* Main.storyboard */,
				26DED2602636F1DF00FAE501 /* Assets.xcassets */,
				26DED2622636F1DF00FAE501 /* LaunchScreen.storyboard */,
				26DED2652636F1DF00FAE501 /* Info.plist */,
			);
			path = ScanCapture;
			sourceTree = "<group>";
		};
/* End PBXGroup section */

/* Begin PBXNativeTarget section */
		26DED2532636F1DC00FAE501 /* ScanCapture */ = {
			isa = PBXNativeTarget;
			buildConfigurationList = 26DED2682636F1DF00FAE501 /* Build configuration list for PBXNativeTarget "ScanCapture" */;
			buildPhases = (
				26DED2502636F1DC00FAE501 /* Sources */,
				26DED2512636F1DC00FAE501 /* Frameworks */,
				26DED2522636F1DC00FAE501 /* Resources */,
			);
			buildRules = (
			);
			dependencies = (
			);
			name = ScanCapture;
			productName = ScanCapture;
			productReference = 26DED2542636F1DC00FAE501 /* ScanCapture.app */;
			productType = "com.apple.product-type.application";
		};
/* End PBXNativeTarget section */

/* Begin PBXProject section */
		26DED24C2636F1DC00FAE501 /* Project object */ = {
			isa = PBXProject;
			attributes = {
				LastSwiftUpdateCheck = 1240;
				LastUpgradeCheck = 1240;
				TargetAttributes = {
					26DED2532636F1DC00FAE501 = {
						CreatedOnToolsVersion = 12.4;
					};
				};
			};
			buildConfigurationList = 26DED24F2636F1DC00FAE501 /* Build configuration list for PBXProject "ScanCapture" */;
			compatibilityVersion = "Xcode 9.3";
			developmentRegion = en;
			hasScannedForEncodings = 0;
			knownRegions = (
				en,
				Base,
			);
			mainGroup = 26DED24B2636F1DC00FAE501;
			productRefGroup = 26DED2552636F1DC00FAE501 /* Products */;
			projectDirPath = "";
			projectRoot = "";
			targets = (
				26DED2532636F1DC00FAE501 /* ScanCapture */,
			);
		};
/* End PBXProject section */

/* Begin PBXResourcesBuildPhase section */
		26DED2522636F1DC00FAE501 /* Resources */ = {
			isa = PBXResourcesBuildPhase;
			buildActionMask = 2147483647;
			files = (
				26DED2642636F1DF00FAE501 /* LaunchScreen.storyboard in Resources */,
				26DED2612636F1DF00FAE501 /* Assets.xcassets in Resources */,
				26DED25F2636F1DC00FAE501 /* Main.storyboard in Resources */,
			);
			runOnlyForDeploymentPostprocessing = 0;
		};
/* End PBXResourcesBuildPhase section */

/* Begin PBXSourcesBuildPhase section */
		26DED2502636F1DC00FAE501 /* Sources */ = {
			isa = PBXSourcesBuildPhase;
			buildActionMask = 2147483647;
			files = (
				26DED25C2636F1DC00FAE501 /* ViewController.swift in Sources */,
				26DED2582636F1DC00FAE501 /* AppDelegate.swift in Sources */,
				26663A5026385F820000D4C6 /* Utils.swift in Sources */,
				26C41DFD2663F9ED000CB9B0 /* IO.swift in Sources */,
			);
			runOnlyForDeploymentPostprocessing = 0;
		};
/* End PBXSourcesBuildPhase section */

/* Begin PBXVariantGroup section */
		26DED25D2636F1DC00FAE501 /* Main.storyboard */ = {
			isa = PBXVariantGroup;
			children = (
				26DED25E2636F1DC00FAE501 /* Base */,
			);
			name = Main.storyboard;
			sourceTree = "<group>";
		};
		26DED2622636F1DF00FAE501 /* LaunchScreen.storyboard */ = {
			isa = PBXVariantGroup;
			children = (
				26DED2632636F1DF00FAE501 /* Base */,
			);
			name = LaunchScreen.storyboard;
			sourceTree = "<group>";
		};
/* End PBXVariantGroup section */

/* Begin XCBuildConfiguration section */
		26DED2662636F1DF00FAE501 /* Debug */ = {
			isa = XCBuildConfiguration;
			buildSettings = {
				ALWAYS_SEARCH_USER_PATHS = NO;
				CLANG_ANALYZER_NONNULL = YES;
				CLANG_ANALYZER_NUMBER_OBJECT_CONVERSION = YES_AGGRESSIVE;
				CLANG_CXX_LANGUAGE_STANDARD = "gnu++14";
				CLANG_CXX_LIBRARY = "libc++";
				CLANG_ENABLE_MODULES = YES;
				CLANG_ENABLE_OBJC_ARC = YES;
				CLANG_ENABLE_OBJC_WEAK = YES;
				CLANG_WARN_BLOCK_CAPTURE_AUTORELEASING = YES;
				CLANG_WARN_BOOL_CONVERSION = YES;
				CLANG_WARN_COMMA = YES;
				CLANG_WARN_CONSTANT_CONVERSION = YES;
				CLANG_WARN_DEPRECATED_OBJC_IMPLEMENTATIONS = YES;
				CLANG_WARN_DIRECT_OBJC_ISA_USAGE = YES_ERROR;
				CLANG_WARN_DOCUMENTATION_COMMENTS = YES;
				CLANG_WARN_EMPTY_BODY = YES;
				CLANG_WARN_ENUM_CONVERSION = YES;
				CLANG_WARN_INFINITE_RECURSION = YES;
				CLANG_WARN_INT_CONVERSION = YES;
				CLANG_WARN_NON_LITERAL_NULL_CONVERSION = YES;
				CLANG_WARN_OBJC_IMPLICIT_RETAIN_SELF = YES;
				CLANG_WARN_OBJC_LITERAL_CONVERSION = YES;
				CLANG_WARN_OBJC_ROOT_CLASS = YES_ERROR;
				CLANG_WARN_QUOTED_INCLUDE_IN_FRAMEWORK_HEADER = YES;
				CLANG_WARN_RANGE_LOOP_ANALYSIS = YES;
				CLANG_WARN_STRICT_PROTOTYPES = YES;
				CLANG_WARN_SUSPICIOUS_MOVE = YES;
				CLANG_WARN_UNGUARDED_AVAILABILITY = YES_AGGRESSIVE;
				CLANG_WARN_UNREACHABLE_CODE = YES;
				CLANG_WARN__DUPLICATE_METHOD_MATCH = YES;
				COPY_PHASE_STRIP = NO;
				DEBUG_INFORMATION_FORMAT = dwarf;
				ENABLE_STRICT_OBJC_MSGSEND = YES;
				ENABLE_TESTABILITY = YES;
				GCC_C_LANGUAGE_STANDARD = gnu11;
				GCC_DYNAMIC_NO_PIC = NO;
				GCC_NO_COMMON_BLOCKS = YES;
				GCC_OPTIMIZATION_LEVEL = 0;
				GCC_PREPROCESSOR_DEFINITIONS = (
					"DEBUG=1",
					"$(inherited)",
				);
				GCC_WARN_64_TO_32_BIT_CONVERSION = YES;
				GCC_WARN_ABOUT_RETURN_TYPE = YES_ERROR;
				GCC_WARN_UNDECLARED_SELECTOR = YES;
				GCC_WARN_UNINITIALIZED_AUTOS = YES_AGGRESSIVE;
				GCC_WARN_UNUSED_FUNCTION = YES;
				GCC_WARN_UNUSED_VARIABLE = YES;
				IPHONEOS_DEPLOYMENT_TARGET = 14.4;
				MTL_ENABLE_DEBUG_INFO = INCLUDE_SOURCE;
				MTL_FAST_MATH = YES;
				ONLY_ACTIVE_ARCH = YES;
				SDKROOT = iphoneos;
				SWIFT_ACTIVE_COMPILATION_CONDITIONS = DEBUG;
				SWIFT_OPTIMIZATION_LEVEL = "-Onone";
			};
			name = Debug;
		};
		26DED2672636F1DF00FAE501 /* Release */ = {
			isa = XCBuildConfiguration;
			buildSettings = {
				ALWAYS_SEARCH_USER_PATHS = NO;
				CLANG_ANALYZER_NONNULL = YES;
				CLANG_ANALYZER_NUMBER_OBJECT_CONVERSION = YES_AGGRESSIVE;
				CLANG_CXX_LANGUAGE_STANDARD = "gnu++14";
				CLANG_CXX_LIBRARY = "libc++";
				CLANG_ENABLE_MODULES = YES;
				CLANG_ENABLE_OBJC_ARC = YES;
				CLANG_ENABLE_OBJC_WEAK = YES;
				CLANG_WARN_BLOCK_CAPTURE_AUTORELEASING = YES;
				CLANG_WARN_BOOL_CONVERSION = YES;
				CLANG_WARN_COMMA = YES;
				CLANG_WARN_CONSTANT_CONVERSION = YES;
				CLANG_WARN_DEPRECATED_OBJC_IMPLEMENTATIONS = YES;
				CLANG_WARN_DIRECT_OBJC_ISA_USAGE = YES_ERROR;
				CLANG_WARN_DOCUMENTATION_COMMENTS = YES;
				CLANG_WARN_EMPTY_BODY = YES;
				CLANG_WARN_ENUM_CONVERSION = YES;
				CLANG_WARN_INFINITE_RECURSION = YES;
				CLANG_WARN_INT_CONVERSION = YES;
				CLANG_WARN_NON_LITERAL_NULL_CONVERSION = YES;
				CLANG_WARN_OBJC_IMPLICIT_RETAIN_SELF = YES;
				CLANG_WARN_OBJC_LITERAL_CONVERSION = YES;
				CLANG_WARN_OBJC_ROOT_CLASS = YES_ERROR;
				CLANG_WARN_QUOTED_INCLUDE_IN_FRAMEWORK_HEADER = YES;
				CLANG_WARN_RANGE_LOOP_ANALYSIS = YES;
				CLANG_WARN_STRICT_PROTOTYPES = YES;
				CLANG_WARN_SUSPICIOUS_MOVE = YES;
				CLANG_WARN_UNGUARDED_AVAILABILITY = YES_AGGRESSIVE;
				CLANG_WARN_UNREACHABLE_CODE = YES;
				CLANG_WARN__DUPLICATE_METHOD_MATCH = YES;
				COPY_PHASE_STRIP = NO;
				DEBUG_INFORMATION_FORMAT = "dwarf-with-dsym";
				ENABLE_NS_ASSERTIONS = NO;
				ENABLE_STRICT_OBJC_MSGSEND = YES;
				GCC_C_LANGUAGE_STANDARD = gnu11;
				GCC_NO_COMMON_BLOCKS = YES;
				GCC_WARN_64_TO_32_BIT_CONVERSION = YES;
				GCC_WARN_ABOUT_RETURN_TYPE = YES_ERROR;
				GCC_WARN_UNDECLARED_SELECTOR = YES;
				GCC_WARN_UNINITIALIZED_AUTOS = YES_AGGRESSIVE;
				GCC_WARN_UNUSED_FUNCTION = YES;
				GCC_WARN_UNUSED_VARIABLE = YES;
				IPHONEOS_DEPLOYMENT_TARGET = 14.4;
				MTL_ENABLE_DEBUG_INFO = NO;
				MTL_FAST_MATH = YES;
				SDKROOT = iphoneos;
				SWIFT_COMPILATION_MODE = wholemodule;
				SWIFT_OPTIMIZATION_LEVEL = "-O";
				VALIDATE_PRODUCT = YES;
			};
			name = Release;
		};
		26DED2692636F1DF00FAE501 /* Debug */ = {
			isa = XCBuildConfiguration;
			buildSettings = {
				ASSETCATALOG_COMPILER_APPICON_NAME = AppIcon;
				ASSETCATALOG_COMPILER_GLOBAL_ACCENT_COLOR_NAME = AccentColor;
				CODE_SIGN_STYLE = Automatic;
				DEVELOPMENT_TEAM = VH83V5KL6H;
				INFOPLIST_FILE = ScanCapture/Info.plist;
				IPHONEOS_DEPLOYMENT_TARGET = 13.6;
				LD_RUNPATH_SEARCH_PATHS = (
					"$(inherited)",
					"@executable_path/Frameworks",
				);
				PRODUCT_BUNDLE_IDENTIFIER = com.ScanCapture;
				PRODUCT_NAME = "$(TARGET_NAME)";
				SWIFT_VERSION = 5.0;
				TARGETED_DEVICE_FAMILY = "1,2";
			};
			name = Debug;
		};
		26DED26A2636F1DF00FAE501 /* Release */ = {
			isa = XCBuildConfiguration;
			buildSettings = {
				ASSETCATALOG_COMPILER_APPICON_NAME = AppIcon;
				ASSETCATALOG_COMPILER_GLOBAL_ACCENT_COLOR_NAME = AccentColor;
				CODE_SIGN_STYLE = Automatic;
				DEVELOPMENT_TEAM = VH83V5KL6H;
				INFOPLIST_FILE = ScanCapture/Info.plist;
				IPHONEOS_DEPLOYMENT_TARGET = 13.6;
				LD_RUNPATH_SEARCH_PATHS = (
					"$(inherited)",
					"@executable_path/Frameworks",
				);
				PRODUCT_BUNDLE_IDENTIFIER = com.ScanCapture;
				PRODUCT_NAME = "$(TARGET_NAME)";
				SWIFT_VERSION = 5.0;
				TARGETED_DEVICE_FAMILY = "1,2";
			};
			name = Release;
		};
/* End XCBuildConfiguration section */

/* Begin XCConfigurationList section */
		26DED24F2636F1DC00FAE501 /* Build configuration list for PBXProject "ScanCapture" */ = {
			isa = XCConfigurationList;
			buildConfigurations = (
				26DED2662636F1DF00FAE501 /* Debug */,
				26DED2672636F1DF00FAE501 /* Release */,
			);
			defaultConfigurationIsVisible = 0;
			defaultConfigurationName = Release;
		};
		26DED2682636F1DF00FAE501 /* Build configuration list for PBXNativeTarget "ScanCapture" */ = {
			isa = XCConfigurationList;
			buildConfigurations = (
				26DED2692636F1DF00FAE501 /* Debug */,
				26DED26A2636F1DF00FAE501 /* Release */,
			);
			defaultConfigurationIsVisible = 0;
			defaultConfigurationName = Release;
		};
/* End XCConfigurationList section */
	};
	rootObject = 26DED24C2636F1DC00FAE501 /* Project object */;
}
